
Microsoft Visual Studio Solution File, Format Version 12.00
# Visual Studio Version 16
VisualStudioVersion = 16.0.32630.194
MinimumVisualStudioVersion = 10.0.40219.1
Project("{FAE04EC0-301F-11D3-BF4B-00C04F79EFBC}") = "ebayBuzApi", "ebayBuzApi\ebayBuzApi.csproj", "{090ECC74-AC49-4AA6-A80B-98DAA2CBFF7B}"
EndProject
Global
	GlobalSection(SolutionConfigurationPlatforms) = preSolution
		Debug|Any CPU = Debug|Any CPU
		Release|Any CPU = Release|Any CPU
	EndGlobalSection
	GlobalSection(ProjectConfigurationPlatforms) = postSolution
		{090ECC74-AC49-4AA6-A80B-98DAA2CBFF7B}.Debug|Any CPU.ActiveCfg = Debug|Any CPU
		{090ECC74-AC49-4AA6-A80B-98DAA2CBFF7B}.Debug|Any CPU.Build.0 = Debug|Any CPU
		{090ECC74-AC49-4AA6-A80B-98DAA2CBFF7B}.Release|Any CPU.ActiveCfg = Release|Any CPU
		{090ECC74-AC49-4AA6-A80B-98DAA2CBFF7B}.Release|Any CPU.Build.0 = Release|Any CPU
	EndGlobalSection
	GlobalSection(SolutionProperties) = preSolution
		HideSolutionNode = FALSE
	EndGlobalSection
	GlobalSection(ExtensibilityGlobals) = postSolution
		SolutionGuid = {11C77EC8-D155-48F9-A68C-5F0889A369B9}
	EndGlobalSection
EndGlobal
